
Microsoft Visual Studio Solution File, Format Version 12.00
# Visual Studio Version 17
VisualStudioVersion = 17.14.36119.2 d17.14
MinimumVisualStudioVersion = 10.0.40219.1
Project("{FAE04EC0-301F-11D3-BF4B-00C04F79EFBC}") = "ExceptionHandlerDemo", "ExceptionHandlerDemo\ExceptionHandlerDemo.csproj", "{CAF07961-BF95-4F35-B8E6-F2E0925AAB75}"
EndProject
Project("{FAE04EC0-301F-11D3-BF4B-00C04F79EFBC}") = "ExceptionHandler.Common", "ExceptionHandler.Common\ExceptionHandler.Common.csproj", "{5F29FB6A-18E3-4F96-B4E5-7258731B0ABE}"
EndProject
Project("{FAE04EC0-301F-11D3-BF4B-00C04F79EFBC}") = "Handlers", "Handlers\Handlers.csproj", "{FAA3C64E-9CEC-4484-B478-5C1AE12A6E98}"
EndProject
Global
	GlobalSection(SolutionConfigurationPlatforms) = preSolution
		Debug|Any CPU = Debug|Any CPU
		Release|Any CPU = Release|Any CPU
	EndGlobalSection
	GlobalSection(ProjectConfigurationPlatforms) = postSolution
		{CAF07961-BF95-4F35-B8E6-F2E0925AAB75}.Debug|Any CPU.ActiveCfg = Debug|Any CPU
		{CAF07961-BF95-4F35-B8E6-F2E0925AAB75}.Debug|Any CPU.Build.0 = Debug|Any CPU
		{CAF07961-BF95-4F35-B8E6-F2E0925AAB75}.Release|Any CPU.ActiveCfg = Release|Any CPU
		{CAF07961-BF95-4F35-B8E6-F2E0925AAB75}.Release|Any CPU.Build.0 = Release|Any CPU
		{5F29FB6A-18E3-4F96-B4E5-7258731B0ABE}.Debug|Any CPU.ActiveCfg = Debug|Any CPU
		{5F29FB6A-18E3-4F96-B4E5-7258731B0ABE}.Debug|Any CPU.Build.0 = Debug|Any CPU
		{5F29FB6A-18E3-4F96-B4E5-7258731B0ABE}.Release|Any CPU.ActiveCfg = Release|Any CPU
		{5F29FB6A-18E3-4F96-B4E5-7258731B0ABE}.Release|Any CPU.Build.0 = Release|Any CPU
		{FAA3C64E-9CEC-4484-B478-5C1AE12A6E98}.Debug|Any CPU.ActiveCfg = Debug|Any CPU
		{FAA3C64E-9CEC-4484-B478-5C1AE12A6E98}.Debug|Any CPU.Build.0 = Debug|Any CPU
		{FAA3C64E-9CEC-4484-B478-5C1AE12A6E98}.Release|Any CPU.ActiveCfg = Release|Any CPU
		{FAA3C64E-9CEC-4484-B478-5C1AE12A6E98}.Release|Any CPU.Build.0 = Release|Any CPU
	EndGlobalSection
	GlobalSection(SolutionProperties) = preSolution
		HideSolutionNode = FALSE
	EndGlobalSection
	GlobalSection(ExtensibilityGlobals) = postSolution
		SolutionGuid = {20CB886C-47C9-4221-BA1A-4961E383A5A6}
	EndGlobalSection
EndGlobal
